{
  "name": "rigquest",
  "version": "0.1.0",
  "lockfileVersion": 1,
  "requires": true,
  "dependencies": {
    "bluebird": {
      "version": "2.9.34",
      "resolved": "https://registry.npmjs.org/bluebird/-/bluebird-2.9.34.tgz",
      "integrity": "sha1-L3tOyAIWMoqf3evfacjUlC/v99g="
    },
    "dottie": {
      "version": "0.3.1",
      "resolved": "https://registry.npmjs.org/dottie/-/dottie-0.3.1.tgz",
      "integrity": "sha1-QYX3d0iZYKwIQTHeP5oUoXm7dJ8="
    },
    "generic-pool": {
      "version": "2.2.0",
      "resolved": "https://registry.npmjs.org/generic-pool/-/generic-pool-2.2.0.tgz",
      "integrity": "sha1-i0ZcGnWI6p3SuxM72gu2a/74pj4="
    },
    "inflection": {
      "version": "1.12.0",
      "resolved": "https://registry.npmjs.org/inflection/-/inflection-1.12.0.tgz",
      "integrity": "sha1-ogCTVlbW9fa8TcdQLhrstwMihBY="
    },
    "lodash": {
      "version": "3.10.1",
      "resolved": "https://registry.npmjs.org/lodash/-/lodash-3.10.1.tgz",
      "integrity": "sha1-W/Rejkm6QYnhfUgnid/RW9FAt7Y="
    },
    "moment": {
      "version": "2.18.1",
      "resolved": "https://registry.npmjs.org/moment/-/moment-2.18.1.tgz",
      "integrity": "sha1-w2GT3Tzhwu7SrbfIAtu8d6gbHA8="
    },
    "node-uuid": {
      "version": "1.4.8",
      "resolved": "https://registry.npmjs.org/node-uuid/-/node-uuid-1.4.8.tgz",
      "integrity": "sha1-sEDrCSOWivq/jTL7HxfxFn/auQc="
    },
    "sequelize-heroku": {
      "version": "1.0.0",
      "resolved": "https://registry.npmjs.org/sequelize-heroku/-/sequelize-heroku-1.0.0.tgz",
      "integrity": "sha1-eksLZ9WhO30dcmU8tTobLDVxBgc=",
      "requires": {
        "sequelize": "2.1.3"
      },
      "dependencies": {
        "sequelize": {
          "version": "2.1.3",
          "resolved": "https://registry.npmjs.org/sequelize/-/sequelize-2.1.3.tgz",
          "integrity": "sha1-FrpROxNnlY/oIzhYEelRFFHt6tE=",
          "requires": {
            "bluebird": "2.9.34",
            "dottie": "0.3.1",
            "generic-pool": "2.2.0",
            "inflection": "1.12.0",
            "lodash": "3.10.1",
            "moment": "2.18.1",
            "node-uuid": "1.4.8",
            "toposort-class": "0.3.1",
            "validator": "3.43.0"
          }
        }
      }
    },
    "toposort-class": {
      "version": "0.3.1",
      "resolved": "https://registry.npmjs.org/toposort-class/-/toposort-class-0.3.1.tgz",
      "integrity": "sha1-0TM67XNPhgjO0ShiGL0sRfYO/0g="
    },
    "validator": {
      "version": "3.43.0",
      "resolved": "https://registry.npmjs.org/validator/-/validator-3.43.0.tgz",
      "integrity": "sha1-lkZLmS1BloM9l6GUv0Cxn/VLrgU="
    }
  }
}
